
Microsoft Visual Studio Solution File, Format Version 12.00
# Visual Studio Version 16
VisualStudioVersion = 16.0.30804.86
MinimumVisualStudioVersion = 10.0.40219.1
Project("{FAE04EC0-301F-11D3-BF4B-00C04F79EFBC}") = "WS_Client_CShap", "WS_Client_CShap\WS_Client_CShap.csproj", "{B2484AA1-8C5D-425F-A8F6-EF7FE483349F}"
EndProject
Project("{FAE04EC0-301F-11D3-BF4B-00C04F79EFBC}") = "WS_Server_CShap", "WS_Server_CShap\WS_Server_CShap.csproj", "{548DFA04-1769-43D5-8F80-2C9A6B385CD5}"
EndProject
Project("{9092AA53-FB77-4645-B42D-1CCCA6BD08BD}") = "WS_Server_NodeJS", "WS_Server_NodeJS\WS_Server_NodeJS.njsproj", "{985AF84C-7F23-48AA-98A2-B274D7718003}"
EndProject
Global
	GlobalSection(SolutionConfigurationPlatforms) = preSolution
		Debug_Ubuntu|Any CPU = Debug_Ubuntu|Any CPU
		Debug|Any CPU = Debug|Any CPU
		Release_Ubuntu|Any CPU = Release_Ubuntu|Any CPU
		Release|Any CPU = Release|Any CPU
	EndGlobalSection
	GlobalSection(ProjectConfigurationPlatforms) = postSolution
		{B2484AA1-8C5D-425F-A8F6-EF7FE483349F}.Debug_Ubuntu|Any CPU.ActiveCfg = Debug|Any CPU
		{B2484AA1-8C5D-425F-A8F6-EF7FE483349F}.Debug_Ubuntu|Any CPU.Build.0 = Debug|Any CPU
		{B2484AA1-8C5D-425F-A8F6-EF7FE483349F}.Debug|Any CPU.ActiveCfg = Debug|Any CPU
		{B2484AA1-8C5D-425F-A8F6-EF7FE483349F}.Debug|Any CPU.Build.0 = Debug|Any CPU
		{B2484AA1-8C5D-425F-A8F6-EF7FE483349F}.Release_Ubuntu|Any CPU.ActiveCfg = Release|Any CPU
		{B2484AA1-8C5D-425F-A8F6-EF7FE483349F}.Release_Ubuntu|Any CPU.Build.0 = Release|Any CPU
		{B2484AA1-8C5D-425F-A8F6-EF7FE483349F}.Release|Any CPU.ActiveCfg = Release|Any CPU
		{B2484AA1-8C5D-425F-A8F6-EF7FE483349F}.Release|Any CPU.Build.0 = Release|Any CPU
		{548DFA04-1769-43D5-8F80-2C9A6B385CD5}.Debug_Ubuntu|Any CPU.ActiveCfg = Debug|Any CPU
		{548DFA04-1769-43D5-8F80-2C9A6B385CD5}.Debug_Ubuntu|Any CPU.Build.0 = Debug|Any CPU
		{548DFA04-1769-43D5-8F80-2C9A6B385CD5}.Debug|Any CPU.ActiveCfg = Debug|Any CPU
		{548DFA04-1769-43D5-8F80-2C9A6B385CD5}.Debug|Any CPU.Build.0 = Debug|Any CPU
		{548DFA04-1769-43D5-8F80-2C9A6B385CD5}.Release_Ubuntu|Any CPU.ActiveCfg = Release|Any CPU
		{548DFA04-1769-43D5-8F80-2C9A6B385CD5}.Release_Ubuntu|Any CPU.Build.0 = Release|Any CPU
		{548DFA04-1769-43D5-8F80-2C9A6B385CD5}.Release|Any CPU.ActiveCfg = Release|Any CPU
		{548DFA04-1769-43D5-8F80-2C9A6B385CD5}.Release|Any CPU.Build.0 = Release|Any CPU
		{985AF84C-7F23-48AA-98A2-B274D7718003}.Debug_Ubuntu|Any CPU.ActiveCfg = Debug|Any CPU
		{985AF84C-7F23-48AA-98A2-B274D7718003}.Debug_Ubuntu|Any CPU.Build.0 = Debug|Any CPU
		{985AF84C-7F23-48AA-98A2-B274D7718003}.Debug|Any CPU.ActiveCfg = Debug|Any CPU
		{985AF84C-7F23-48AA-98A2-B274D7718003}.Debug|Any CPU.Build.0 = Debug|Any CPU
		{985AF84C-7F23-48AA-98A2-B274D7718003}.Release_Ubuntu|Any CPU.ActiveCfg = Release|Any CPU
		{985AF84C-7F23-48AA-98A2-B274D7718003}.Release_Ubuntu|Any CPU.Build.0 = Release|Any CPU
		{985AF84C-7F23-48AA-98A2-B274D7718003}.Release|Any CPU.ActiveCfg = Release|Any CPU
		{985AF84C-7F23-48AA-98A2-B274D7718003}.Release|Any CPU.Build.0 = Release|Any CPU
	EndGlobalSection
	GlobalSection(SolutionProperties) = preSolution
		HideSolutionNode = FALSE
	EndGlobalSection
	GlobalSection(ExtensibilityGlobals) = postSolution
		SolutionGuid = {17C74A35-8FB8-49C3-9EB1-C7959CC3D706}
	EndGlobalSection
EndGlobal
